
Microsoft Visual Studio Solution File, Format Version 12.00
# Visual Studio Version 16
VisualStudioVersion = 16.0.29209.62
MinimumVisualStudioVersion = 10.0.40219.1
Project("{FAE04EC0-301F-11D3-BF4B-00C04F79EFBC}") = "WebApp", "WebApp\WebApp.csproj", "{B76F2B6A-2026-47A8-81C8-DEF403F0785C}"
EndProject
Global
	GlobalSection(SolutionConfigurationPlatforms) = preSolution
		Debug|Any CPU = Debug|Any CPU
		Release|Any CPU = Release|Any CPU
	EndGlobalSection
	GlobalSection(ProjectConfigurationPlatforms) = postSolution
		{B76F2B6A-2026-47A8-81C8-DEF403F0785C}.Debug|Any CPU.ActiveCfg = Debug|Any CPU
		{B76F2B6A-2026-47A8-81C8-DEF403F0785C}.Debug|Any CPU.Build.0 = Debug|Any CPU
		{B76F2B6A-2026-47A8-81C8-DEF403F0785C}.Release|Any CPU.ActiveCfg = Release|Any CPU
		{B76F2B6A-2026-47A8-81C8-DEF403F0785C}.Release|Any CPU.Build.0 = Release|Any CPU
	EndGlobalSection
	GlobalSection(SolutionProperties) = preSolution
		HideSolutionNode = FALSE
	EndGlobalSection
	GlobalSection(ExtensibilityGlobals) = postSolution
		SolutionGuid = {45716D16-0F50-4E41-A044-ABC3B66EF8C3}
	EndGlobalSection
EndGlobal
